
Microsoft Visual Studio Solution File, Format Version 12.00
# Visual Studio Version 16
VisualStudioVersion = 16.0.31515.178
MinimumVisualStudioVersion = 10.0.40219.1
Project("{FAE04EC0-301F-11D3-BF4B-00C04F79EFBC}") = "Management", "Management.csproj", "{F942B78C-36EA-4B4F-9AB9-11865EB5228C}"
EndProject
Project("{FAE04EC0-301F-11D3-BF4B-00C04F79EFBC}") = "Sandbox", "..\Sandbox\Sandbox.csproj", "{3B07DC46-252C-4FFE-9681-9E841C1296ED}"
EndProject
Global
	GlobalSection(SolutionConfigurationPlatforms) = preSolution
		Debug|Any CPU = Debug|Any CPU
		Release|Any CPU = Release|Any CPU
	EndGlobalSection
	GlobalSection(ProjectConfigurationPlatforms) = postSolution
		{F942B78C-36EA-4B4F-9AB9-11865EB5228C}.Debug|Any CPU.ActiveCfg = Debug|Any CPU
		{F942B78C-36EA-4B4F-9AB9-11865EB5228C}.Debug|Any CPU.Build.0 = Debug|Any CPU
		{F942B78C-36EA-4B4F-9AB9-11865EB5228C}.Release|Any CPU.ActiveCfg = Release|Any CPU
		{F942B78C-36EA-4B4F-9AB9-11865EB5228C}.Release|Any CPU.Build.0 = Release|Any CPU
		{3B07DC46-252C-4FFE-9681-9E841C1296ED}.Debug|Any CPU.ActiveCfg = Debug|Any CPU
		{3B07DC46-252C-4FFE-9681-9E841C1296ED}.Debug|Any CPU.Build.0 = Debug|Any CPU
		{3B07DC46-252C-4FFE-9681-9E841C1296ED}.Release|Any CPU.ActiveCfg = Release|Any CPU
		{3B07DC46-252C-4FFE-9681-9E841C1296ED}.Release|Any CPU.Build.0 = Release|Any CPU
	EndGlobalSection
	GlobalSection(SolutionProperties) = preSolution
		HideSolutionNode = FALSE
	EndGlobalSection
	GlobalSection(ExtensibilityGlobals) = postSolution
		SolutionGuid = {628535D1-5E71-43AC-9867-C500F3C11035}
	EndGlobalSection
EndGlobal
